
Microsoft Visual Studio Solution File, Format Version 12.00
# Visual Studio Version 17
VisualStudioVersion = 17.1.32421.90
MinimumVisualStudioVersion = 10.0.40219.1
Project("{FAE04EC0-301F-11D3-BF4B-00C04F79EFBC}") = "LiveStreamAPI6", "LiveStreamAPI6\LiveStreamAPI6.csproj", "{6C75F38A-AB6A-420B-A019-7A09DD1AACFF}"
EndProject
Global
	GlobalSection(SolutionConfigurationPlatforms) = preSolution
		Debug|Any CPU = Debug|Any CPU
		Release|Any CPU = Release|Any CPU
	EndGlobalSection
	GlobalSection(ProjectConfigurationPlatforms) = postSolution
		{6C75F38A-AB6A-420B-A019-7A09DD1AACFF}.Debug|Any CPU.ActiveCfg = Debug|Any CPU
		{6C75F38A-AB6A-420B-A019-7A09DD1AACFF}.Debug|Any CPU.Build.0 = Debug|Any CPU
		{6C75F38A-AB6A-420B-A019-7A09DD1AACFF}.Release|Any CPU.ActiveCfg = Release|Any CPU
		{6C75F38A-AB6A-420B-A019-7A09DD1AACFF}.Release|Any CPU.Build.0 = Release|Any CPU
	EndGlobalSection
	GlobalSection(SolutionProperties) = preSolution
		HideSolutionNode = FALSE
	EndGlobalSection
	GlobalSection(ExtensibilityGlobals) = postSolution
		SolutionGuid = {145A1A76-8DA2-4F26-A07A-D51800185DDE}
	EndGlobalSection
EndGlobal
